// !$*UTF8*$!
{
	archiveVersion = 1;
	classes = {
	};
	objectVersion = 55;
	objects = {

/* Begin PBXBuildFile section */
		2755A35927F6F1C4006325CA /* AppDelegate.swift in Sources */ = {isa = PBXBuildFile; fileRef = 2755A35827F6F1C4006325CA /* AppDelegate.swift */; };
		2755A35B27F6F1C4006325CA /* SceneDelegate.swift in Sources */ = {isa = PBXBuildFile; fileRef = 2755A35A27F6F1C4006325CA /* SceneDelegate.swift */; };
		2755A35D27F6F1C4006325CA /* ViewController.swift in Sources */ = {isa = PBXBuildFile; fileRef = 2755A35C27F6F1C4006325CA /* ViewController.swift */; };
		2755A36027F6F1C4006325CA /* Main.storyboard in Resources */ = {isa = PBXBuildFile; fileRef = 2755A35E27F6F1C4006325CA /* Main.storyboard */; };
		2755A36227F6F1C6006325CA /* Assets.xcassets in Resources */ = {isa = PBXBuildFile; fileRef = 2755A36127F6F1C6006325CA /* Assets.xcassets */; };
		2755A36527F6F1C6006325CA /* LaunchScreen.storyboard in Resources */ = {isa = PBXBuildFile; fileRef = 2755A36327F6F1C6006325CA /* LaunchScreen.storyboard */; };
		2755A37027F6F1C6006325CA /* BillPaySdkTests.swift in Sources */ = {isa = PBXBuildFile; fileRef = 2755A36F27F6F1C6006325CA /* BillPaySdkTests.swift */; };
		2755A37A27F6F1C6006325CA /* BillPaySdkUITests.swift in Sources */ = {isa = PBXBuildFile; fileRef = 2755A37927F6F1C6006325CA /* BillPaySdkUITests.swift */; };
		2755A37C27F6F1C6006325CA /* BillPaySdkUITestsLaunchTests.swift in Sources */ = {isa = PBXBuildFile; fileRef = 2755A37B27F6F1C6006325CA /* BillPaySdkUITestsLaunchTests.swift */; };
/* End PBXBuildFile section */

/* Begin PBXContainerItemProxy section */
		2755A36C27F6F1C6006325CA /* PBXContainerItemProxy */ = {
			isa = PBXContainerItemProxy;
			containerPortal = 2755A34D27F6F1C4006325CA /* Project object */;
			proxyType = 1;
			remoteGlobalIDString = 2755A35427F6F1C4006325CA;
			remoteInfo = BillPaySdk;
		};
		2755A37627F6F1C6006325CA /* PBXContainerItemProxy */ = {
			isa = PBXContainerItemProxy;
			containerPortal = 2755A34D27F6F1C4006325CA /* Project object */;
			proxyType = 1;
			remoteGlobalIDString = 2755A35427F6F1C4006325CA;
			remoteInfo = BillPaySdk;
		};
/* End PBXContainerItemProxy section */

/* Begin PBXFileReference section */
		2755A35527F6F1C4006325CA /* BillPaySdk.app */ = {isa = PBXFileReference; explicitFileType = wrapper.application; includeInIndex = 0; path = BillPaySdk.app; sourceTree = BUILT_PRODUCTS_DIR; };
		2755A35827F6F1C4006325CA /* AppDelegate.swift */ = {isa = PBXFileReference; lastKnownFileType = sourcecode.swift; path = AppDelegate.swift; sourceTree = "<group>"; };
		2755A35A27F6F1C4006325CA /* SceneDelegate.swift */ = {isa = PBXFileReference; lastKnownFileType = sourcecode.swift; path = SceneDelegate.swift; sourceTree = "<group>"; };
		2755A35C27F6F1C4006325CA /* ViewController.swift */ = {isa = PBXFileReference; lastKnownFileType = sourcecode.swift; path = ViewController.swift; sourceTree = "<group>"; };
		2755A35F27F6F1C4006325CA /* Base */ = {isa = PBXFileReference; lastKnownFileType = file.storyboard; name = Base; path = Base.lproj/Main.storyboard; sourceTree = "<group>"; };
		2755A36127F6F1C6006325CA /* Assets.xcassets */ = {isa = PBXFileReference; lastKnownFileType = folder.assetcatalog; path = Assets.xcassets; sourceTree = "<group>"; };
		2755A36427F6F1C6006325CA /* Base */ = {isa = PBXFileReference; lastKnownFileType = file.storyboard; name = Base; path = Base.lproj/LaunchScreen.storyboard; sourceTree = "<group>"; };
		2755A36627F6F1C6006325CA /* Info.plist */ = {isa = PBXFileReference; lastKnownFileType = text.plist.xml; path = Info.plist; sourceTree = "<group>"; };
		2755A36B27F6F1C6006325CA /* BillPaySdkTests.xctest */ = {isa = PBXFileReference; explicitFileType = wrapper.cfbundle; includeInIndex = 0; path = BillPaySdkTests.xctest; sourceTree = BUILT_PRODUCTS_DIR; };
		2755A36F27F6F1C6006325CA /* BillPaySdkTests.swift */ = {isa = PBXFileReference; lastKnownFileType = sourcecode.swift; path = BillPaySdkTests.swift; sourceTree = "<group>"; };
		2755A37527F6F1C6006325CA /* BillPaySdkUITests.xctest */ = {isa = PBXFileReference; explicitFileType = wrapper.cfbundle; includeInIndex = 0; path = BillPaySdkUITests.xctest; sourceTree = BUILT_PRODUCTS_DIR; };
		2755A37927F6F1C6006325CA /* BillPaySdkUITests.swift */ = {isa = PBXFileReference; lastKnownFileType = sourcecode.swift; path = BillPaySdkUITests.swift; sourceTree = "<group>"; };
		2755A37B27F6F1C6006325CA /* BillPaySdkUITestsLaunchTests.swift */ = {isa = PBXFileReference; lastKnownFileType = sourcecode.swift; path = BillPaySdkUITestsLaunchTests.swift; sourceTree = "<group>"; };
/* End PBXFileReference section */

/* Begin PBXFrameworksBuildPhase section */
		2755A35227F6F1C4006325CA /* Frameworks */ = {
			isa = PBXFrameworksBuildPhase;
			buildActionMask = 2147483647;
			files = (
			);
			runOnlyForDeploymentPostprocessing = 0;
		};
		2755A36827F6F1C6006325CA /* Frameworks */ = {
			isa = PBXFrameworksBuildPhase;
			buildActionMask = 2147483647;
			files = (
			);
			runOnlyForDeploymentPostprocessing = 0;
		};
		2755A37227F6F1C6006325CA /* Frameworks */ = {
			isa = PBXFrameworksBuildPhase;
			buildActionMask = 2147483647;
			files = (
			);
			runOnlyForDeploymentPostprocessing = 0;
		};
/* End PBXFrameworksBuildPhase section */

/* Begin PBXGroup section */
		2755A34C27F6F1C4006325CA = {
			isa = PBXGroup;
			children = (
				2755A35727F6F1C4006325CA /* BillPaySdk */,
				2755A36E27F6F1C6006325CA /* BillPaySdkTests */,
				2755A37827F6F1C6006325CA /* BillPaySdkUITests */,
				2755A35627F6F1C4006325CA /* Products */,
			);
			sourceTree = "<group>";
		};
		2755A35627F6F1C4006325CA /* Products */ = {
			isa = PBXGroup;
			children = (
				2755A35527F6F1C4006325CA /* BillPaySdk.app */,
				2755A36B27F6F1C6006325CA /* BillPaySdkTests.xctest */,
				2755A37527F6F1C6006325CA /* BillPaySdkUITests.xctest */,
			);
			name = Products;
			sourceTree = "<group>";
		};
		2755A35727F6F1C4006325CA /* BillPaySdk */ = {
			isa = PBXGroup;
			children = (
				2755A35827F6F1C4006325CA /* AppDelegate.swift */,
				2755A35A27F6F1C4006325CA /* SceneDelegate.swift */,
				2755A35C27F6F1C4006325CA /* ViewController.swift */,
				2755A35E27F6F1C4006325CA /* Main.storyboard */,
				2755A36127F6F1C6006325CA /* Assets.xcassets */,
				2755A36327F6F1C6006325CA /* LaunchScreen.storyboard */,
				2755A36627F6F1C6006325CA /* Info.plist */,
			);
			path = BillPaySdk;
			sourceTree = "<group>";
		};
		2755A36E27F6F1C6006325CA /* BillPaySdkTests */ = {
			isa = PBXGroup;
			children = (
				2755A36F27F6F1C6006325CA /* BillPaySdkTests.swift */,
			);
			path = BillPaySdkTests;
			sourceTree = "<group>";
		};
		2755A37827F6F1C6006325CA /* BillPaySdkUITests */ = {
			isa = PBXGroup;
			children = (
				2755A37927F6F1C6006325CA /* BillPaySdkUITests.swift */,
				2755A37B27F6F1C6006325CA /* BillPaySdkUITestsLaunchTests.swift */,
			);
			path = BillPaySdkUITests;
			sourceTree = "<group>";
		};
/* End PBXGroup section */

/* Begin PBXNativeTarget section */
		2755A35427F6F1C4006325CA /* BillPaySdk */ = {
			isa = PBXNativeTarget;
			buildConfigurationList = 2755A37F27F6F1C6006325CA /* Build configuration list for PBXNativeTarget "BillPaySdk" */;
			buildPhases = (
				2755A35127F6F1C4006325CA /* Sources */,
				2755A35227F6F1C4006325CA /* Frameworks */,
				2755A35327F6F1C4006325CA /* Resources */,
			);
			buildRules = (
			);
			dependencies = (
			);
			name = BillPaySdk;
			productName = BillPaySdk;
			productReference = 2755A35527F6F1C4006325CA /* BillPaySdk.app */;
			productType = "com.apple.product-type.application";
		};
		2755A36A27F6F1C6006325CA /* BillPaySdkTests */ = {
			isa = PBXNativeTarget;
			buildConfigurationList = 2755A38227F6F1C6006325CA /* Build configuration list for PBXNativeTarget "BillPaySdkTests" */;
			buildPhases = (
				2755A36727F6F1C6006325CA /* Sources */,
				2755A36827F6F1C6006325CA /* Frameworks */,
				2755A36927F6F1C6006325CA /* Resources */,
			);
			buildRules = (
			);
			dependencies = (
				2755A36D27F6F1C6006325CA /* PBXTargetDependency */,
			);
			name = BillPaySdkTests;
			productName = BillPaySdkTests;
			productReference = 2755A36B27F6F1C6006325CA /* BillPaySdkTests.xctest */;
			productType = "com.apple.product-type.bundle.unit-test";
		};
		2755A37427F6F1C6006325CA /* BillPaySdkUITests */ = {
			isa = PBXNativeTarget;
			buildConfigurationList = 2755A38527F6F1C6006325CA /* Build configuration list for PBXNativeTarget "BillPaySdkUITests" */;
			buildPhases = (
				2755A37127F6F1C6006325CA /* Sources */,
				2755A37227F6F1C6006325CA /* Frameworks */,
				2755A37327F6F1C6006325CA /* Resources */,
			);
			buildRules = (
			);
			dependencies = (
				2755A37727F6F1C6006325CA /* PBXTargetDependency */,
			);
			name = BillPaySdkUITests;
			productName = BillPaySdkUITests;
			productReference = 2755A37527F6F1C6006325CA /* BillPaySdkUITests.xctest */;
			productType = "com.apple.product-type.bundle.ui-testing";
		};
/* End PBXNativeTarget section */

/* Begin PBXProject section */
		2755A34D27F6F1C4006325CA /* Project object */ = {
			isa = PBXProject;
			attributes = {
				BuildIndependentTargetsInParallel = 1;
				LastSwiftUpdateCheck = 1320;
				LastUpgradeCheck = 1320;
				TargetAttributes = {
					2755A35427F6F1C4006325CA = {
						CreatedOnToolsVersion = 13.2.1;
					};
					2755A36A27F6F1C6006325CA = {
						CreatedOnToolsVersion = 13.2.1;
						TestTargetID = 2755A35427F6F1C4006325CA;
					};
					2755A37427F6F1C6006325CA = {
						CreatedOnToolsVersion = 13.2.1;
						TestTargetID = 2755A35427F6F1C4006325CA;
					};
				};
			};
			buildConfigurationList = 2755A35027F6F1C4006325CA /* Build configuration list for PBXProject "BillPaySdk" */;
			compatibilityVersion = "Xcode 13.0";
			developmentRegion = en;
			hasScannedForEncodings = 0;
			knownRegions = (
				en,
				Base,
			);
			mainGroup = 2755A34C27F6F1C4006325CA;
			productRefGroup = 2755A35627F6F1C4006325CA /* Products */;
			projectDirPath = "";
			projectRoot = "";
			targets = (
				2755A35427F6F1C4006325CA /* BillPaySdk */,
				2755A36A27F6F1C6006325CA /* BillPaySdkTests */,
				2755A37427F6F1C6006325CA /* BillPaySdkUITests */,
			);
		};
/* End PBXProject section */

/* Begin PBXResourcesBuildPhase section */
		2755A35327F6F1C4006325CA /* Resources */ = {
			isa = PBXResourcesBuildPhase;
			buildActionMask = 2147483647;
			files = (
				2755A36527F6F1C6006325CA /* LaunchScreen.storyboard in Resources */,
				2755A36227F6F1C6006325CA /* Assets.xcassets in Resources */,
				2755A36027F6F1C4006325CA /* Main.storyboard in Resources */,
			);
			runOnlyForDeploymentPostprocessing = 0;
		};
		2755A36927F6F1C6006325CA /* Resources */ = {
			isa = PBXResourcesBuildPhase;
			buildActionMask = 2147483647;
			files = (
			);
			runOnlyForDeploymentPostprocessing = 0;
		};
		2755A37327F6F1C6006325CA /* Resources */ = {
			isa = PBXResourcesBuildPhase;
			buildActionMask = 2147483647;
			files = (
			);
			runOnlyForDeploymentPostprocessing = 0;
		};
/* End PBXResourcesBuildPhase section */

/* Begin PBXSourcesBuildPhase section */
		2755A35127F6F1C4006325CA /* Sources */ = {
			isa = PBXSourcesBuildPhase;
			buildActionMask = 2147483647;
			files = (
				2755A35D27F6F1C4006325CA /* ViewController.swift in Sources */,
				2755A35927F6F1C4006325CA /* AppDelegate.swift in Sources */,
				2755A35B27F6F1C4006325CA /* SceneDelegate.swift in Sources */,
			);
			runOnlyForDeploymentPostprocessing = 0;
		};
		2755A36727F6F1C6006325CA /* Sources */ = {
			isa = PBXSourcesBuildPhase;
			buildActionMask = 2147483647;
			files = (
				2755A37027F6F1C6006325CA /* BillPaySdkTests.swift in Sources */,
			);
			runOnlyForDeploymentPostprocessing = 0;
		};
		2755A37127F6F1C6006325CA /* Sources */ = {
			isa = PBXSourcesBuildPhase;
			buildActionMask = 2147483647;
			files = (
				2755A37A27F6F1C6006325CA /* BillPaySdkUITests.swift in Sources */,
				2755A37C27F6F1C6006325CA /* BillPaySdkUITestsLaunchTests.swift in Sources */,
			);
			runOnlyForDeploymentPostprocessing = 0;
		};
/* End PBXSourcesBuildPhase section */

/* Begin PBXTargetDependency section */
		2755A36D27F6F1C6006325CA /* PBXTargetDependency */ = {
			isa = PBXTargetDependency;
			target = 2755A35427F6F1C4006325CA /* BillPaySdk */;
			targetProxy = 2755A36C27F6F1C6006325CA /* PBXContainerItemProxy */;
		};
		2755A37727F6F1C6006325CA /* PBXTargetDependency */ = {
			isa = PBXTargetDependency;
			target = 2755A35427F6F1C4006325CA /* BillPaySdk */;
			targetProxy = 2755A37627F6F1C6006325CA /* PBXContainerItemProxy */;
		};
/* End PBXTargetDependency section */

/* Begin PBXVariantGroup section */
		2755A35E27F6F1C4006325CA /* Main.storyboard */ = {
			isa = PBXVariantGroup;
			children = (
				2755A35F27F6F1C4006325CA /* Base */,
			);
			name = Main.storyboard;
			sourceTree = "<group>";
		};
		2755A36327F6F1C6006325CA /* LaunchScreen.storyboard */ = {
			isa = PBXVariantGroup;
			children = (
				2755A36427F6F1C6006325CA /* Base */,
			);
			name = LaunchScreen.storyboard;
			sourceTree = "<group>";
		};
/* End PBXVariantGroup section */

/* Begin XCBuildConfiguration section */
		2755A37D27F6F1C6006325CA /* Debug */ = {
			isa = XCBuildConfiguration;
			buildSettings = {
				ALWAYS_SEARCH_USER_PATHS = NO;
				CLANG_ANALYZER_NONNULL = YES;
				CLANG_ANALYZER_NUMBER_OBJECT_CONVERSION = YES_AGGRESSIVE;
				CLANG_CXX_LANGUAGE_STANDARD = "gnu++17";
				CLANG_CXX_LIBRARY = "libc++";
				CLANG_ENABLE_MODULES = YES;
				CLANG_ENABLE_OBJC_ARC = YES;
				CLANG_ENABLE_OBJC_WEAK = YES;
				CLANG_WARN_BLOCK_CAPTURE_AUTORELEASING = YES;
				CLANG_WARN_BOOL_CONVERSION = YES;
				CLANG_WARN_COMMA = YES;
				CLANG_WARN_CONSTANT_CONVERSION = YES;
				CLANG_WARN_DEPRECATED_OBJC_IMPLEMENTATIONS = YES;
				CLANG_WARN_DIRECT_OBJC_ISA_USAGE = YES_ERROR;
				CLANG_WARN_DOCUMENTATION_COMMENTS = YES;
				CLANG_WARN_EMPTY_BODY = YES;
				CLANG_WARN_ENUM_CONVERSION = YES;
				CLANG_WARN_INFINITE_RECURSION = YES;
				CLANG_WARN_INT_CONVERSION = YES;
				CLANG_WARN_NON_LITERAL_NULL_CONVERSION = YES;
				CLANG_WARN_OBJC_IMPLICIT_RETAIN_SELF = YES;
				CLANG_WARN_OBJC_LITERAL_CONVERSION = YES;
				CLANG_WARN_OBJC_ROOT_CLASS = YES_ERROR;
				CLANG_WARN_QUOTED_INCLUDE_IN_FRAMEWORK_HEADER = YES;
				CLANG_WARN_RANGE_LOOP_ANALYSIS = YES;
				CLANG_WARN_STRICT_PROTOTYPES = YES;
				CLANG_WARN_SUSPICIOUS_MOVE = YES;
				CLANG_WARN_UNGUARDED_AVAILABILITY = YES_AGGRESSIVE;
				CLANG_WARN_UNREACHABLE_CODE = YES;
				CLANG_WARN__DUPLICATE_METHOD_MATCH = YES;
				COPY_PHASE_STRIP = NO;
				DEBUG_INFORMATION_FORMAT = dwarf;
				ENABLE_STRICT_OBJC_MSGSEND = YES;
				ENABLE_TESTABILITY = YES;
				GCC_C_LANGUAGE_STANDARD = gnu11;
				GCC_DYNAMIC_NO_PIC = NO;
				GCC_NO_COMMON_BLOCKS = YES;
				GCC_OPTIMIZATION_LEVEL = 0;
				GCC_PREPROCESSOR_DEFINITIONS = (
					"DEBUG=1",
					"$(inherited)",
				);
				GCC_WARN_64_TO_32_BIT_CONVERSION = YES;
				GCC_WARN_ABOUT_RETURN_TYPE = YES_ERROR;
				GCC_WARN_UNDECLARED_SELECTOR = YES;
				GCC_WARN_UNINITIALIZED_AUTOS = YES_AGGRESSIVE;
				GCC_WARN_UNUSED_FUNCTION = YES;
				GCC_WARN_UNUSED_VARIABLE = YES;
				IPHONEOS_DEPLOYMENT_TARGET = 15.2;
				MTL_ENABLE_DEBUG_INFO = INCLUDE_SOURCE;
				MTL_FAST_MATH = YES;
				ONLY_ACTIVE_ARCH = YES;
				SDKROOT = iphoneos;
				SWIFT_ACTIVE_COMPILATION_CONDITIONS = DEBUG;
				SWIFT_OPTIMIZATION_LEVEL = "-Onone";
			};
			name = Debug;
		};
		2755A37E27F6F1C6006325CA /* Release */ = {
			isa = XCBuildConfiguration;
			buildSettings = {
				ALWAYS_SEARCH_USER_PATHS = NO;
				CLANG_ANALYZER_NONNULL = YES;
				CLANG_ANALYZER_NUMBER_OBJECT_CONVERSION = YES_AGGRESSIVE;
				CLANG_CXX_LANGUAGE_STANDARD = "gnu++17";
				CLANG_CXX_LIBRARY = "libc++";
				CLANG_ENABLE_MODULES = YES;
				CLANG_ENABLE_OBJC_ARC = YES;
				CLANG_ENABLE_OBJC_WEAK = YES;
				CLANG_WARN_BLOCK_CAPTURE_AUTORELEASING = YES;
				CLANG_WARN_BOOL_CONVERSION = YES;
				CLANG_WARN_COMMA = YES;
				CLANG_WARN_CONSTANT_CONVERSION = YES;
				CLANG_WARN_DEPRECATED_OBJC_IMPLEMENTATIONS = YES;
				CLANG_WARN_DIRECT_OBJC_ISA_USAGE = YES_ERROR;
				CLANG_WARN_DOCUMENTATION_COMMENTS = YES;
				CLANG_WARN_EMPTY_BODY = YES;
				CLANG_WARN_ENUM_CONVERSION = YES;
				CLANG_WARN_INFINITE_RECURSION = YES;
				CLANG_WARN_INT_CONVERSION = YES;
				CLANG_WARN_NON_LITERAL_NULL_CONVERSION = YES;
				CLANG_WARN_OBJC_IMPLICIT_RETAIN_SELF = YES;
				CLANG_WARN_OBJC_LITERAL_CONVERSION = YES;
				CLANG_WARN_OBJC_ROOT_CLASS = YES_ERROR;
				CLANG_WARN_QUOTED_INCLUDE_IN_FRAMEWORK_HEADER = YES;
				CLANG_WARN_RANGE_LOOP_ANALYSIS = YES;
				CLANG_WARN_STRICT_PROTOTYPES = YES;
				CLANG_WARN_SUSPICIOUS_MOVE = YES;
				CLANG_WARN_UNGUARDED_AVAILABILITY = YES_AGGRESSIVE;
				CLANG_WARN_UNREACHABLE_CODE = YES;
				CLANG_WARN__DUPLICATE_METHOD_MATCH = YES;
				COPY_PHASE_STRIP = NO;
				DEBUG_INFORMATION_FORMAT = "dwarf-with-dsym";
				ENABLE_NS_ASSERTIONS = NO;
				ENABLE_STRICT_OBJC_MSGSEND = YES;
				GCC_C_LANGUAGE_STANDARD = gnu11;
				GCC_NO_COMMON_BLOCKS = YES;
				GCC_WARN_64_TO_32_BIT_CONVERSION = YES;
				GCC_WARN_ABOUT_RETURN_TYPE = YES_ERROR;
				GCC_WARN_UNDECLARED_SELECTOR = YES;
				GCC_WARN_UNINITIALIZED_AUTOS = YES_AGGRESSIVE;
				GCC_WARN_UNUSED_FUNCTION = YES;
				GCC_WARN_UNUSED_VARIABLE = YES;
				IPHONEOS_DEPLOYMENT_TARGET = 15.2;
				MTL_ENABLE_DEBUG_INFO = NO;
				MTL_FAST_MATH = YES;
				SDKROOT = iphoneos;
				SWIFT_COMPILATION_MODE = wholemodule;
				SWIFT_OPTIMIZATION_LEVEL = "-O";
				VALIDATE_PRODUCT = YES;
			};
			name = Release;
		};
		2755A38027F6F1C6006325CA /* Debug */ = {
			isa = XCBuildConfiguration;
			buildSettings = {
				ASSETCATALOG_COMPILER_APPICON_NAME = AppIcon;
				ASSETCATALOG_COMPILER_GLOBAL_ACCENT_COLOR_NAME = AccentColor;
				CODE_SIGN_STYLE = Automatic;
				CURRENT_PROJECT_VERSION = 1;
				DEVELOPMENT_TEAM = SHY2KPUZRV;
				GENERATE_INFOPLIST_FILE = YES;
				INFOPLIST_FILE = BillPaySdk/Info.plist;
				INFOPLIST_KEY_UIApplicationSupportsIndirectInputEvents = YES;
				INFOPLIST_KEY_UILaunchStoryboardName = LaunchScreen;
				INFOPLIST_KEY_UIMainStoryboardFile = Main;
				INFOPLIST_KEY_UISupportedInterfaceOrientations_iPad = "UIInterfaceOrientationPortrait UIInterfaceOrientationPortraitUpsideDown UIInterfaceOrientationLandscapeLeft UIInterfaceOrientationLandscapeRight";
				INFOPLIST_KEY_UISupportedInterfaceOrientations_iPhone = "UIInterfaceOrientationPortrait UIInterfaceOrientationLandscapeLeft UIInterfaceOrientationLandscapeRight";
				LD_RUNPATH_SEARCH_PATHS = (
					"$(inherited)",
					"@executable_path/Frameworks",
				);
				MARKETING_VERSION = 1.0;
				PRODUCT_BUNDLE_IDENTIFIER = com.rk.BillPaySdk;
				PRODUCT_NAME = "$(TARGET_NAME)";
				SWIFT_EMIT_LOC_STRINGS = YES;
				SWIFT_VERSION = 5.0;
				TARGETED_DEVICE_FAMILY = "1,2";
			};
			name = Debug;
		};
		2755A38127F6F1C6006325CA /* Release */ = {
			isa = XCBuildConfiguration;
			buildSettings = {
				ASSETCATALOG_COMPILER_APPICON_NAME = AppIcon;
				ASSETCATALOG_COMPILER_GLOBAL_ACCENT_COLOR_NAME = AccentColor;
				CODE_SIGN_STYLE = Automatic;
				CURRENT_PROJECT_VERSION = 1;
				DEVELOPMENT_TEAM = SHY2KPUZRV;
				GENERATE_INFOPLIST_FILE = YES;
				INFOPLIST_FILE = BillPaySdk/Info.plist;
				INFOPLIST_KEY_UIApplicationSupportsIndirectInputEvents = YES;
				INFOPLIST_KEY_UILaunchStoryboardName = LaunchScreen;
				INFOPLIST_KEY_UIMainStoryboardFile = Main;
				INFOPLIST_KEY_UISupportedInterfaceOrientations_iPad = "UIInterfaceOrientationPortrait UIInterfaceOrientationPortraitUpsideDown UIInterfaceOrientationLandscapeLeft UIInterfaceOrientationLandscapeRight";
				INFOPLIST_KEY_UISupportedInterfaceOrientations_iPhone = "UIInterfaceOrientationPortrait UIInterfaceOrientationLandscapeLeft UIInterfaceOrientationLandscapeRight";
				LD_RUNPATH_SEARCH_PATHS = (
					"$(inherited)",
					"@executable_path/Frameworks",
				);
				MARKETING_VERSION = 1.0;
				PRODUCT_BUNDLE_IDENTIFIER = com.rk.BillPaySdk;
				PRODUCT_NAME = "$(TARGET_NAME)";
				SWIFT_EMIT_LOC_STRINGS = YES;
				SWIFT_VERSION = 5.0;
				TARGETED_DEVICE_FAMILY = "1,2";
			};
			name = Release;
		};
		2755A38327F6F1C6006325CA /* Debug */ = {
			isa = XCBuildConfiguration;
			buildSettings = {
				ALWAYS_EMBED_SWIFT_STANDARD_LIBRARIES = YES;
				BUNDLE_LOADER = "$(TEST_HOST)";
				CODE_SIGN_STYLE = Automatic;
				CURRENT_PROJECT_VERSION = 1;
				DEVELOPMENT_TEAM = SHY2KPUZRV;
				GENERATE_INFOPLIST_FILE = YES;
				IPHONEOS_DEPLOYMENT_TARGET = 15.2;
				MARKETING_VERSION = 1.0;
				PRODUCT_BUNDLE_IDENTIFIER = com.rk.BillPaySdkTests;
				PRODUCT_NAME = "$(TARGET_NAME)";
				SWIFT_EMIT_LOC_STRINGS = NO;
				SWIFT_VERSION = 5.0;
				TARGETED_DEVICE_FAMILY = "1,2";
				TEST_HOST = "$(BUILT_PRODUCTS_DIR)/BillPaySdk.app/BillPaySdk";
			};
			name = Debug;
		};
		2755A38427F6F1C6006325CA /* Release */ = {
			isa = XCBuildConfiguration;
			buildSettings = {
				ALWAYS_EMBED_SWIFT_STANDARD_LIBRARIES = YES;
				BUNDLE_LOADER = "$(TEST_HOST)";
				CODE_SIGN_STYLE = Automatic;
				CURRENT_PROJECT_VERSION = 1;
				DEVELOPMENT_TEAM = SHY2KPUZRV;
				GENERATE_INFOPLIST_FILE = YES;
				IPHONEOS_DEPLOYMENT_TARGET = 15.2;
				MARKETING_VERSION = 1.0;
				PRODUCT_BUNDLE_IDENTIFIER = com.rk.BillPaySdkTests;
				PRODUCT_NAME = "$(TARGET_NAME)";
				SWIFT_EMIT_LOC_STRINGS = NO;
				SWIFT_VERSION = 5.0;
				TARGETED_DEVICE_FAMILY = "1,2";
				TEST_HOST = "$(BUILT_PRODUCTS_DIR)/BillPaySdk.app/BillPaySdk";
			};
			name = Release;
		};
		2755A38627F6F1C6006325CA /* Debug */ = {
			isa = XCBuildConfiguration;
			buildSettings = {
				ALWAYS_EMBED_SWIFT_STANDARD_LIBRARIES = YES;
				CODE_SIGN_STYLE = Automatic;
				CURRENT_PROJECT_VERSION = 1;
				DEVELOPMENT_TEAM = SHY2KPUZRV;
				GENERATE_INFOPLIST_FILE = YES;
				MARKETING_VERSION = 1.0;
				PRODUCT_BUNDLE_IDENTIFIER = com.rk.BillPaySdkUITests;
				PRODUCT_NAME = "$(TARGET_NAME)";
				SWIFT_EMIT_LOC_STRINGS = NO;
				SWIFT_VERSION = 5.0;
				TARGETED_DEVICE_FAMILY = "1,2";
				TEST_TARGET_NAME = BillPaySdk;
			};
			name = Debug;
		};
		2755A38727F6F1C6006325CA /* Release */ = {
			isa = XCBuildConfiguration;
			buildSettings = {
				ALWAYS_EMBED_SWIFT_STANDARD_LIBRARIES = YES;
				CODE_SIGN_STYLE = Automatic;
				CURRENT_PROJECT_VERSION = 1;
				DEVELOPMENT_TEAM = SHY2KPUZRV;
				GENERATE_INFOPLIST_FILE = YES;
				MARKETING_VERSION = 1.0;
				PRODUCT_BUNDLE_IDENTIFIER = com.rk.BillPaySdkUITests;
				PRODUCT_NAME = "$(TARGET_NAME)";
				SWIFT_EMIT_LOC_STRINGS = NO;
				SWIFT_VERSION = 5.0;
				TARGETED_DEVICE_FAMILY = "1,2";
				TEST_TARGET_NAME = BillPaySdk;
			};
			name = Release;
		};
/* End XCBuildConfiguration section */

/* Begin XCConfigurationList section */
		2755A35027F6F1C4006325CA /* Build configuration list for PBXProject "BillPaySdk" */ = {
			isa = XCConfigurationList;
			buildConfigurations = (
				2755A37D27F6F1C6006325CA /* Debug */,
				2755A37E27F6F1C6006325CA /* Release */,
			);
			defaultConfigurationIsVisible = 0;
			defaultConfigurationName = Release;
		};
		2755A37F27F6F1C6006325CA /* Build configuration list for PBXNativeTarget "BillPaySdk" */ = {
			isa = XCConfigurationList;
			buildConfigurations = (
				2755A38027F6F1C6006325CA /* Debug */,
				2755A38127F6F1C6006325CA /* Release */,
			);
			defaultConfigurationIsVisible = 0;
			defaultConfigurationName = Release;
		};
		2755A38227F6F1C6006325CA /* Build configuration list for PBXNativeTarget "BillPaySdkTests" */ = {
			isa = XCConfigurationList;
			buildConfigurations = (
				2755A38327F6F1C6006325CA /* Debug */,
				2755A38427F6F1C6006325CA /* Release */,
			);
			defaultConfigurationIsVisible = 0;
			defaultConfigurationName = Release;
		};
		2755A38527F6F1C6006325CA /* Build configuration list for PBXNativeTarget "BillPaySdkUITests" */ = {
			isa = XCConfigurationList;
			buildConfigurations = (
				2755A38627F6F1C6006325CA /* Debug */,
				2755A38727F6F1C6006325CA /* Release */,
			);
			defaultConfigurationIsVisible = 0;
			defaultConfigurationName = Release;
		};
/* End XCConfigurationList section */
	};
	rootObject = 2755A34D27F6F1C4006325CA /* Project object */;
}
